{
  "version": 4,
  "terraform_version": "1.6.0",
  "serial": 19,
  "lineage": "78cc8566-60d2-77dc-6959-c9f69f5ed82e",
  "outputs": {},
  "resources": [
    {
      "mode": "managed",
      "type": "proxmox_vm_qemu",
      "name": "Demo_Machine",
      "provider": "provider[\"registry.terraform.io/telmate/proxmox\"]",
      "instances": [
        {
          "index_key": 0,
          "schema_version": 0,
          "attributes": {
            "additional_wait": 0,
            "agent": 1,
            "args": "",
            "automatic_reboot": true,
            "balloon": 0,
            "bios": "seabios",
            "boot": "c",
            "bootdisk": "scsi0",
            "bridge": "",
            "ci_wait": null,
            "cicustom": "",
            "cipassword": "",
            "ciuser": "",
            "clone": "Dedicated-Image",
            "clone_wait": 0,
            "cloudinit_cdrom_storage": null,
            "cores": 1,
            "cpu": "host",
            "default_ipv4_address": "10.1.0.34",
            "define_connection_info": true,
            "desc": "ArtisanManager 2.61 installed\nOTA UPDATES WORKING",
            "disk": [
              {
                "aio": "",
                "backup": 0,
                "cache": "none",
                "discard": "",
                "file": "vm-112-disk-0",
                "format": "raw",
                "iothread": 1,
                "mbps": 0,
                "mbps_rd": 0,
                "mbps_rd_max": 0,
                "mbps_wr": 0,
                "mbps_wr_max": 0,
                "media": "",
                "replicate": 0,
                "size": "10G",
                "slot": 0,
                "ssd": 0,
                "storage": "local-lvm",
                "storage_type": "lvmthin",
                "type": "scsi",
                "volume": "local-lvm:vm-112-disk-0"
              }
            ],
            "disk_gb": 0,
            "force_create": false,
            "force_recreate_on_change_of": null,
            "full_clone": true,
            "guest_agent_ready_timeout": 100,
            "hagroup": "",
            "hastate": "",
            "hotplug": "network,disk,usb",
            "id": "olympus/qemu/112",
            "ipconfig0": "ip=10.1.0.101/24,gw=10.1.0.1",
            "ipconfig1": "",
            "ipconfig2": "",
            "ipconfig3": "",
            "ipconfig4": "",
            "ipconfig5": "",
            "iso": null,
            "kvm": true,
            "mac": "",
            "memory": 1100,
            "name": "Artisan-Demo",
            "nameserver": "",
            "network": [
              {
                "bridge": "vmbr0",
                "firewall": false,
                "link_down": false,
                "macaddr": "7A:14:13:64:F9:78",
                "model": "virtio",
                "queues": 0,
                "rate": 0,
                "tag": -1
              }
            ],
            "nic": "",
            "numa": false,
            "onboot": false,
            "oncreate": true,
            "os_network_config": null,
            "os_type": "cloud-init",
            "pool": "",
            "preprovision": true,
            "qemu_os": "l26",
            "reboot_required": false,
            "scsihw": "virtio-scsi-single",
            "searchdomain": "",
            "serial": [],
            "sockets": 1,
            "ssh_forward_ip": null,
            "ssh_host": "10.1.0.34",
            "ssh_port": "22",
            "ssh_private_key": null,
            "ssh_user": null,
            "sshkeys": "ssh-rsa AAAAB3NzaC1yc2EAAAADAQABAAABgQDVQaQdpM8JWRM09WGVecCmahGzerVMdqHisAdGnIJ7tgv/sSdLQF7Vw85k5hiLt6X6YZ/PThvZ4ELlt0DVI2Rq+eVFFFo0k5XlVOlv5z1R1NG0b+sZLQZ6wjx9rhlChimrnK3P09o5Qq17SPOQsV/4rv/sMaz+lXOOral+PXpdYFdz9vPIM5Jm9nOwyap9TF+WB7jDn02BPL6/OPA7qfc1QUwLaZgnTZ+QxRDR7hbC6OTcWAKxPfSaxOnX0eGjgI8YeTYGY6kmyp4xylBNP5dR5AFnz9jlVgTrKnNsQtHRrseOvJPdzcbT5Lf58D0LTfj7Lu6wYxt9KJd/KZWSVPPsRXBQArxvArk4NLvAdXJi+uUm5cW6l+3k1BjvTBQi+hvveHWfwgOHRfKfRDHdlwNKDgUnt1fRMZmJb5eo03dp62sRbduW/h8SSi9MF2WMjUKytJNSqmDKjYfzhkrBEBzAXtnOtsfCHySSxOMwmdak4S+rC906ESwC0ws7dcKUuwc= dwhitfield@Archhome\n",
            "storage": "",
            "storage_type": "",
            "tablet": true,
            "tags": "client;client_infrastructure;stable",
            "target_node": "olympus",
            "timeouts": null,
            "unused_disk": [],
            "vcpus": 0,
            "vga": [],
            "vlan": -1,
            "vmid": null
          },
          "sensitive_attributes": [],
          "private": "eyJlMmJmYjczMC1lY2FhLTExZTYtOGY4OC0zNDM2M2JjN2M0YzAiOnsiY3JlYXRlIjozMDAwMDAwMDAwMDAsImRlZmF1bHQiOjMwMDAwMDAwMDAwMCwiZGVsZXRlIjoxODAwMDAwMDAwMDAsInJlYWQiOjE4MDAwMDAwMDAwMCwidXBkYXRlIjoxODAwMDAwMDAwMDB9fQ=="
        }
      ]
    }
  ],
  "check_results": null
}
